// !$*UTF8*$!
{
	archiveVersion = 1;
	classes = {
	};
	objectVersion = 46;
	objects = {

/* Begin PBXBuildFile section */
		118BF02819EDF13E00B66C26 /* AppDelegate.swift in Sources */ = {isa = PBXBuildFile; fileRef = 118BF02719EDF13E00B66C26 /* AppDelegate.swift */; };
		118BF02A19EDF13E00B66C26 /* ViewController.swift in Sources */ = {isa = PBXBuildFile; fileRef = 118BF02919EDF13E00B66C26 /* ViewController.swift */; };
		118BF02F19EDF13E00B66C26 /* Images.xcassets in Resources */ = {isa = PBXBuildFile; fileRef = 118BF02E19EDF13E00B66C26 /* Images.xcassets */; };
		118BF03219EDF13E00B66C26 /* LaunchScreen.xib in Resources */ = {isa = PBXBuildFile; fileRef = 118BF03019EDF13E00B66C26 /* LaunchScreen.xib */; };
		118BF03E19EDF13E00B66C26 /* reverseapftTests.swift in Sources */ = {isa = PBXBuildFile; fileRef = 118BF03D19EDF13E00B66C26 /* reverseapftTests.swift */; };
/* End PBXBuildFile section */

/* Begin PBXContainerItemProxy section */
		118BF03819EDF13E00B66C26 /* PBXContainerItemProxy */ = {
			isa = PBXContainerItemProxy;
			containerPortal = 118BF01A19EDF13E00B66C26 /* Project object */;
			proxyType = 1;
			remoteGlobalIDString = 118BF02119EDF13E00B66C26;
			remoteInfo = reverseapft;
		};
/* End PBXContainerItemProxy section */

/* Begin PBXFileReference section */
		118BF02219EDF13E00B66C26 /* reverseapft.app */ = {isa = PBXFileReference; explicitFileType = wrapper.application; includeInIndex = 0; path = reverseapft.app; sourceTree = BUILT_PRODUCTS_DIR; };
		118BF02619EDF13E00B66C26 /* Info.plist */ = {isa = PBXFileReference; lastKnownFileType = text.plist.xml; path = Info.plist; sourceTree = "<group>"; };
		118BF02719EDF13E00B66C26 /* AppDelegate.swift */ = {isa = PBXFileReference; lastKnownFileType = sourcecode.swift; path = AppDelegate.swift; sourceTree = "<group>"; };
		118BF02919EDF13E00B66C26 /* ViewController.swift */ = {isa = PBXFileReference; lastKnownFileType = sourcecode.swift; path = ViewController.swift; sourceTree = "<group>"; };
		118BF02E19EDF13E00B66C26 /* Images.xcassets */ = {isa = PBXFileReference; lastKnownFileType = folder.assetcatalog; path = Images.xcassets; sourceTree = "<group>"; };
		118BF03119EDF13E00B66C26 /* Base */ = {isa = PBXFileReference; lastKnownFileType = file.xib; name = Base; path = Base.lproj/LaunchScreen.xib; sourceTree = "<group>"; };
		118BF03719EDF13E00B66C26 /* reverseapftTests.xctest */ = {isa = PBXFileReference; explicitFileType = wrapper.cfbundle; includeInIndex = 0; path = reverseapftTests.xctest; sourceTree = BUILT_PRODUCTS_DIR; };
		118BF03C19EDF13E00B66C26 /* Info.plist */ = {isa = PBXFileReference; lastKnownFileType = text.plist.xml; path = Info.plist; sourceTree = "<group>"; };
		118BF03D19EDF13E00B66C26 /* reverseapftTests.swift */ = {isa = PBXFileReference; lastKnownFileType = sourcecode.swift; path = reverseapftTests.swift; sourceTree = "<group>"; };
/* End PBXFileReference section */

/* Begin PBXFrameworksBuildPhase section */
		118BF01F19EDF13E00B66C26 /* Frameworks */ = {
			isa = PBXFrameworksBuildPhase;
			buildActionMask = 2147483647;
			files = (
			);
			runOnlyForDeploymentPostprocessing = 0;
		};
		118BF03419EDF13E00B66C26 /* Frameworks */ = {
			isa = PBXFrameworksBuildPhase;
			buildActionMask = 2147483647;
			files = (
			);
			runOnlyForDeploymentPostprocessing = 0;
		};
/* End PBXFrameworksBuildPhase section */

/* Begin PBXGroup section */
		118BF01919EDF13E00B66C26 = {
			isa = PBXGroup;
			children = (
				118BF02419EDF13E00B66C26 /* reverseapft */,
				118BF03A19EDF13E00B66C26 /* reverseapftTests */,
				118BF02319EDF13E00B66C26 /* Products */,
			);
			sourceTree = "<group>";
		};
		118BF02319EDF13E00B66C26 /* Products */ = {
			isa = PBXGroup;
			children = (
				118BF02219EDF13E00B66C26 /* reverseapft.app */,
				118BF03719EDF13E00B66C26 /* reverseapftTests.xctest */,
			);
			name = Products;
			sourceTree = "<group>";
		};
		118BF02419EDF13E00B66C26 /* reverseapft */ = {
			isa = PBXGroup;
			children = (
				118BF02719EDF13E00B66C26 /* AppDelegate.swift */,
				118BF02919EDF13E00B66C26 /* ViewController.swift */,
				118BF02E19EDF13E00B66C26 /* Images.xcassets */,
				118BF03019EDF13E00B66C26 /* LaunchScreen.xib */,
				118BF02519EDF13E00B66C26 /* Supporting Files */,
			);
			path = reverseapft;
			sourceTree = "<group>";
		};
		118BF02519EDF13E00B66C26 /* Supporting Files */ = {
			isa = PBXGroup;
			children = (
				118BF02619EDF13E00B66C26 /* Info.plist */,
			);
			name = "Supporting Files";
			sourceTree = "<group>";
		};
		118BF03A19EDF13E00B66C26 /* reverseapftTests */ = {
			isa = PBXGroup;
			children = (
				118BF03D19EDF13E00B66C26 /* reverseapftTests.swift */,
				118BF03B19EDF13E00B66C26 /* Supporting Files */,
			);
			path = reverseapftTests;
			sourceTree = "<group>";
		};
		118BF03B19EDF13E00B66C26 /* Supporting Files */ = {
			isa = PBXGroup;
			children = (
				118BF03C19EDF13E00B66C26 /* Info.plist */,
			);
			name = "Supporting Files";
			sourceTree = "<group>";
		};
/* End PBXGroup section */

/* Begin PBXNativeTarget section */
		118BF02119EDF13E00B66C26 /* reverseapft */ = {
			isa = PBXNativeTarget;
			buildConfigurationList = 118BF04119EDF13E00B66C26 /* Build configuration list for PBXNativeTarget "reverseapft" */;
			buildPhases = (
				118BF01E19EDF13E00B66C26 /* Sources */,
				118BF01F19EDF13E00B66C26 /* Frameworks */,
				118BF02019EDF13E00B66C26 /* Resources */,
			);
			buildRules = (
			);
			dependencies = (
			);
			name = reverseapft;
			productName = reverseapft;
			productReference = 118BF02219EDF13E00B66C26 /* reverseapft.app */;
			productType = "com.apple.product-type.application";
		};
		118BF03619EDF13E00B66C26 /* reverseapftTests */ = {
			isa = PBXNativeTarget;
			buildConfigurationList = 118BF04419EDF13E00B66C26 /* Build configuration list for PBXNativeTarget "reverseapftTests" */;
			buildPhases = (
				118BF03319EDF13E00B66C26 /* Sources */,
				118BF03419EDF13E00B66C26 /* Frameworks */,
				118BF03519EDF13E00B66C26 /* Resources */,
			);
			buildRules = (
			);
			dependencies = (
				118BF03919EDF13E00B66C26 /* PBXTargetDependency */,
			);
			name = reverseapftTests;
			productName = reverseapftTests;
			productReference = 118BF03719EDF13E00B66C26 /* reverseapftTests.xctest */;
			productType = "com.apple.product-type.bundle.unit-test";
		};
/* End PBXNativeTarget section */

/* Begin PBXProject section */
		118BF01A19EDF13E00B66C26 /* Project object */ = {
			isa = PBXProject;
			attributes = {
				LastSwiftUpdateCheck = 0730;
				LastUpgradeCheck = 0730;
				ORGANIZATIONNAME = twodayslate;
				TargetAttributes = {
					118BF02119EDF13E00B66C26 = {
						CreatedOnToolsVersion = 6.0.1;
					};
					118BF03619EDF13E00B66C26 = {
						CreatedOnToolsVersion = 6.0.1;
						TestTargetID = 118BF02119EDF13E00B66C26;
					};
				};
			};
			buildConfigurationList = 118BF01D19EDF13E00B66C26 /* Build configuration list for PBXProject "reverseapft" */;
			compatibilityVersion = "Xcode 3.2";
			developmentRegion = English;
			hasScannedForEncodings = 0;
			knownRegions = (
				en,
				Base,
			);
			mainGroup = 118BF01919EDF13E00B66C26;
			productRefGroup = 118BF02319EDF13E00B66C26 /* Products */;
			projectDirPath = "";
			projectRoot = "";
			targets = (
				118BF02119EDF13E00B66C26 /* reverseapft */,
				118BF03619EDF13E00B66C26 /* reverseapftTests */,
			);
		};
/* End PBXProject section */

/* Begin PBXResourcesBuildPhase section */
		118BF02019EDF13E00B66C26 /* Resources */ = {
			isa = PBXResourcesBuildPhase;
			buildActionMask = 2147483647;
			files = (
				118BF03219EDF13E00B66C26 /* LaunchScreen.xib in Resources */,
				118BF02F19EDF13E00B66C26 /* Images.xcassets in Resources */,
			);
			runOnlyForDeploymentPostprocessing = 0;
		};
		118BF03519EDF13E00B66C26 /* Resources */ = {
			isa = PBXResourcesBuildPhase;
			buildActionMask = 2147483647;
			files = (
			);
			runOnlyForDeploymentPostprocessing = 0;
		};
/* End PBXResourcesBuildPhase section */

/* Begin PBXSourcesBuildPhase section */
		118BF01E19EDF13E00B66C26 /* Sources */ = {
			isa = PBXSourcesBuildPhase;
			buildActionMask = 2147483647;
			files = (
				118BF02A19EDF13E00B66C26 /* ViewController.swift in Sources */,
				118BF02819EDF13E00B66C26 /* AppDelegate.swift in Sources */,
			);
			runOnlyForDeploymentPostprocessing = 0;
		};
		118BF03319EDF13E00B66C26 /* Sources */ = {
			isa = PBXSourcesBuildPhase;
			buildActionMask = 2147483647;
			files = (
				118BF03E19EDF13E00B66C26 /* reverseapftTests.swift in Sources */,
			);
			runOnlyForDeploymentPostprocessing = 0;
		};
/* End PBXSourcesBuildPhase section */

/* Begin PBXTargetDependency section */
		118BF03919EDF13E00B66C26 /* PBXTargetDependency */ = {
			isa = PBXTargetDependency;
			target = 118BF02119EDF13E00B66C26 /* reverseapft */;
			targetProxy = 118BF03819EDF13E00B66C26 /* PBXContainerItemProxy */;
		};
/* End PBXTargetDependency section */

/* Begin PBXVariantGroup section */
		118BF03019EDF13E00B66C26 /* LaunchScreen.xib */ = {
			isa = PBXVariantGroup;
			children = (
				118BF03119EDF13E00B66C26 /* Base */,
			);
			name = LaunchScreen.xib;
			sourceTree = "<group>";
		};
/* End PBXVariantGroup section */

/* Begin XCBuildConfiguration section */
		118BF03F19EDF13E00B66C26 /* Debug */ = {
			isa = XCBuildConfiguration;
			buildSettings = {
				ALWAYS_SEARCH_USER_PATHS = NO;
				CLANG_CXX_LANGUAGE_STANDARD = "gnu++0x";
				CLANG_CXX_LIBRARY = "libc++";
				CLANG_ENABLE_MODULES = YES;
				CLANG_ENABLE_OBJC_ARC = YES;
				CLANG_WARN_BOOL_CONVERSION = YES;
				CLANG_WARN_CONSTANT_CONVERSION = YES;
				CLANG_WARN_DIRECT_OBJC_ISA_USAGE = YES_ERROR;
				CLANG_WARN_EMPTY_BODY = YES;
				CLANG_WARN_ENUM_CONVERSION = YES;
				CLANG_WARN_INT_CONVERSION = YES;
				CLANG_WARN_OBJC_ROOT_CLASS = YES_ERROR;
				CLANG_WARN_UNREACHABLE_CODE = YES;
				CLANG_WARN__DUPLICATE_METHOD_MATCH = YES;
				"CODE_SIGN_IDENTITY[sdk=iphoneos*]" = "iPhone Developer";
				COPY_PHASE_STRIP = NO;
				ENABLE_STRICT_OBJC_MSGSEND = YES;
				ENABLE_TESTABILITY = YES;
				GCC_C_LANGUAGE_STANDARD = gnu99;
				GCC_DYNAMIC_NO_PIC = NO;
				GCC_OPTIMIZATION_LEVEL = 0;
				GCC_PREPROCESSOR_DEFINITIONS = (
					"DEBUG=1",
					"$(inherited)",
				);
				GCC_SYMBOLS_PRIVATE_EXTERN = NO;
				GCC_WARN_64_TO_32_BIT_CONVERSION = YES;
				GCC_WARN_ABOUT_RETURN_TYPE = YES_ERROR;
				GCC_WARN_UNDECLARED_SELECTOR = YES;
				GCC_WARN_UNINITIALIZED_AUTOS = YES_AGGRESSIVE;
				GCC_WARN_UNUSED_FUNCTION = YES;
				GCC_WARN_UNUSED_VARIABLE = YES;
				IPHONEOS_DEPLOYMENT_TARGET = 9.0;
				MTL_ENABLE_DEBUG_INFO = YES;
				ONLY_ACTIVE_ARCH = YES;
				SDKROOT = iphoneos;
				SWIFT_OPTIMIZATION_LEVEL = "-Onone";
				TARGETED_DEVICE_FAMILY = "1,2";
			};
			name = Debug;
		};
		118BF04019EDF13E00B66C26 /* Release */ = {
			isa = XCBuildConfiguration;
			buildSettings = {
				ALWAYS_SEARCH_USER_PATHS = NO;
				CLANG_CXX_LANGUAGE_STANDARD = "gnu++0x";
				CLANG_CXX_LIBRARY = "libc++";
				CLANG_ENABLE_MODULES = YES;
				CLANG_ENABLE_OBJC_ARC = YES;
				CLANG_WARN_BOOL_CONVERSION = YES;
				CLANG_WARN_CONSTANT_CONVERSION = YES;
				CLANG_WARN_DIRECT_OBJC_ISA_USAGE = YES_ERROR;
				CLANG_WARN_EMPTY_BODY = YES;
				CLANG_WARN_ENUM_CONVERSION = YES;
				CLANG_WARN_INT_CONVERSION = YES;
				CLANG_WARN_OBJC_ROOT_CLASS = YES_ERROR;
				CLANG_WARN_UNREACHABLE_CODE = YES;
				CLANG_WARN__DUPLICATE_METHOD_MATCH = YES;
				"CODE_SIGN_IDENTITY[sdk=iphoneos*]" = "iPhone Developer";
				COPY_PHASE_STRIP = YES;
				ENABLE_NS_ASSERTIONS = NO;
				ENABLE_STRICT_OBJC_MSGSEND = YES;
				GCC_C_LANGUAGE_STANDARD = gnu99;
				GCC_WARN_64_TO_32_BIT_CONVERSION = YES;
				GCC_WARN_ABOUT_RETURN_TYPE = YES_ERROR;
				GCC_WARN_UNDECLARED_SELECTOR = YES;
				GCC_WARN_UNINITIALIZED_AUTOS = YES_AGGRESSIVE;
				GCC_WARN_UNUSED_FUNCTION = YES;
				GCC_WARN_UNUSED_VARIABLE = YES;
				IPHONEOS_DEPLOYMENT_TARGET = 9.0;
				MTL_ENABLE_DEBUG_INFO = NO;
				SDKROOT = iphoneos;
				TARGETED_DEVICE_FAMILY = "1,2";
				VALIDATE_PRODUCT = YES;
			};
			name = Release;
		};
		118BF04219EDF13E00B66C26 /* Debug */ = {
			isa = XCBuildConfiguration;
			buildSettings = {
				ASSETCATALOG_COMPILER_APPICON_NAME = AppIcon;
				CODE_SIGN_IDENTITY = "iPhone Developer";
				INFOPLIST_FILE = reverseapft/Info.plist;
				LD_RUNPATH_SEARCH_PATHS = "$(inherited) @executable_path/Frameworks";
				PRODUCT_BUNDLE_IDENTIFIER = "com.twodayslate.$(PRODUCT_NAME:rfc1034identifier)";
				PRODUCT_NAME = "$(TARGET_NAME)";
				PROVISIONING_PROFILE = "8a033e39-9440-47d4-be0e-fd007dd70d9a";
			};
			name = Debug;
		};
		118BF04319EDF13E00B66C26 /* Release */ = {
			isa = XCBuildConfiguration;
			buildSettings = {
				ASSETCATALOG_COMPILER_APPICON_NAME = AppIcon;
				CODE_SIGN_IDENTITY = "iPhone Distribution";
				INFOPLIST_FILE = reverseapft/Info.plist;
				LD_RUNPATH_SEARCH_PATHS = "$(inherited) @executable_path/Frameworks";
				PRODUCT_BUNDLE_IDENTIFIER = "com.twodayslate.$(PRODUCT_NAME:rfc1034identifier)";
				PRODUCT_NAME = "$(TARGET_NAME)";
				PROVISIONING_PROFILE = "8a033e39-9440-47d4-be0e-fd007dd70d9a";
			};
			name = Release;
		};
		118BF04519EDF13E00B66C26 /* Debug */ = {
			isa = XCBuildConfiguration;
			buildSettings = {
				BUNDLE_LOADER = "$(TEST_HOST)";
				FRAMEWORK_SEARCH_PATHS = (
					"$(SDKROOT)/Developer/Library/Frameworks",
					"$(inherited)",
				);
				GCC_PREPROCESSOR_DEFINITIONS = (
					"DEBUG=1",
					"$(inherited)",
				);
				INFOPLIST_FILE = reverseapftTests/Info.plist;
				LD_RUNPATH_SEARCH_PATHS = "$(inherited) @executable_path/Frameworks @loader_path/Frameworks";
				PRODUCT_BUNDLE_IDENTIFIER = "com.twodayslate.$(PRODUCT_NAME:rfc1034identifier)";
				PRODUCT_NAME = "$(TARGET_NAME)";
				TEST_HOST = "$(BUILT_PRODUCTS_DIR)/reverseapft.app/reverseapft";
			};
			name = Debug;
		};
		118BF04619EDF13E00B66C26 /* Release */ = {
			isa = XCBuildConfiguration;
			buildSettings = {
				BUNDLE_LOADER = "$(TEST_HOST)";
				FRAMEWORK_SEARCH_PATHS = (
					"$(SDKROOT)/Developer/Library/Frameworks",
					"$(inherited)",
				);
				INFOPLIST_FILE = reverseapftTests/Info.plist;
				LD_RUNPATH_SEARCH_PATHS = "$(inherited) @executable_path/Frameworks @loader_path/Frameworks";
				PRODUCT_BUNDLE_IDENTIFIER = "com.twodayslate.$(PRODUCT_NAME:rfc1034identifier)";
				PRODUCT_NAME = "$(TARGET_NAME)";
				TEST_HOST = "$(BUILT_PRODUCTS_DIR)/reverseapft.app/reverseapft";
			};
			name = Release;
		};
/* End XCBuildConfiguration section */

/* Begin XCConfigurationList section */
		118BF01D19EDF13E00B66C26 /* Build configuration list for PBXProject "reverseapft" */ = {
			isa = XCConfigurationList;
			buildConfigurations = (
				118BF03F19EDF13E00B66C26 /* Debug */,
				118BF04019EDF13E00B66C26 /* Release */,
			);
			defaultConfigurationIsVisible = 0;
			defaultConfigurationName = Release;
		};
		118BF04119EDF13E00B66C26 /* Build configuration list for PBXNativeTarget "reverseapft" */ = {
			isa = XCConfigurationList;
			buildConfigurations = (
				118BF04219EDF13E00B66C26 /* Debug */,
				118BF04319EDF13E00B66C26 /* Release */,
			);
			defaultConfigurationIsVisible = 0;
			defaultConfigurationName = Release;
		};
		118BF04419EDF13E00B66C26 /* Build configuration list for PBXNativeTarget "reverseapftTests" */ = {
			isa = XCConfigurationList;
			buildConfigurations = (
				118BF04519EDF13E00B66C26 /* Debug */,
				118BF04619EDF13E00B66C26 /* Release */,
			);
			defaultConfigurationIsVisible = 0;
			defaultConfigurationName = Release;
		};
/* End XCConfigurationList section */
	};
	rootObject = 118BF01A19EDF13E00B66C26 /* Project object */;
}
